{
  "name": "swiper_demo",
  "version": "1.0.0",
  "lockfileVersion": 1,
  "requires": true,
  "dependencies": {
    "amfe-flexible": {
      "version": "2.2.1",
      "resolved": "https://registry.npmjs.org/amfe-flexible/-/amfe-flexible-2.2.1.tgz",
      "integrity": "sha1-NT8AKJ5NOMqIoh6zhUQgMIrwtVk="
    },
    "jquery": {
      "version": "3.2.1",
      "resolved": "https://registry.npmjs.org/jquery/-/jquery-3.2.1.tgz",
      "integrity": "sha1-XE2d5lKvbNCncBVKYxu6ErAVx4c="
    },
    "swiper": {
      "version": "3.4.2",
      "resolved": "https://registry.npmjs.org/swiper/-/swiper-3.4.2.tgz",
      "integrity": "sha1-Oda0ELGjmDPh9y07cpmd9fXjg5I="
    },
    "swiper-animate": {
      "version": "1.0.2",
      "resolved": "https://registry.npmjs.org/swiper-animate/-/swiper-animate-1.0.2.tgz",
      "integrity": "sha1-PZfWVVwOxaXaC/FB3rPrMd2wU8M="
    }
  }
}
