# THIS IS AN AUTOGENERATED FILE. DO NOT EDIT THIS FILE DIRECTLY.
# yarn lockfile v1


amfe-flexible@^2.2.1:
  version "2.2.1"
  resolved "http://registry.npm.taobao.org/amfe-flexible/download/amfe-flexible-2.2.1.tgz#353f00289e4d38ca88a21eb3854420308af0b559"

jquery@^3.2.1:
  version "3.3.1"
  resolved "http://registry.npm.taobao.org/jquery/download/jquery-3.3.1.tgz#958ce29e81c9790f31be7792df5d4d95fc57fbca"

swiper-animate@^1.0.2:
  version "1.0.2"
  resolved "http://registry.npm.taobao.org/swiper-animate/download/swiper-animate-1.0.2.tgz#3d97d6555c0ec5a5da0bf141deb3eb31ddb053c3"

swiper@^3.4.2:
  version "3.4.2"
  resolved "http://registry.npm.taobao.org/swiper/download/swiper-3.4.2.tgz#39d6b410b1a39833e1f72d3b72999df5f5e38392"
